
Microsoft Visual Studio Solution File, Format Version 12.00
# Visual Studio 15
VisualStudioVersion = 15.0.28010.2046
MinimumVisualStudioVersion = 10.0.40219.1
Project("{8BC9CEB8-8B4A-11D0-8D11-00A0C91BC942}") = "Lecture50", "Lecture50\Lecture50.vcxproj", "{D110C0F9-F0A1-4AAE-AC95-75DABA035129}"
EndProject
Global
	GlobalSection(SolutionConfigurationPlatforms) = preSolution
		Debug|x64 = Debug|x64
		Debug|x86 = Debug|x86
		Release|x64 = Release|x64
		Release|x86 = Release|x86
	EndGlobalSection
	GlobalSection(ProjectConfigurationPlatforms) = postSolution
		{D110C0F9-F0A1-4AAE-AC95-75DABA035129}.Debug|x64.ActiveCfg = Debug|x64
		{D110C0F9-F0A1-4AAE-AC95-75DABA035129}.Debug|x64.Build.0 = Debug|x64
		{D110C0F9-F0A1-4AAE-AC95-75DABA035129}.Debug|x86.ActiveCfg = Debug|Win32
		{D110C0F9-F0A1-4AAE-AC95-75DABA035129}.Debug|x86.Build.0 = Debug|Win32
		{D110C0F9-F0A1-4AAE-AC95-75DABA035129}.Release|x64.ActiveCfg = Release|x64
		{D110C0F9-F0A1-4AAE-AC95-75DABA035129}.Release|x64.Build.0 = Release|x64
		{D110C0F9-F0A1-4AAE-AC95-75DABA035129}.Release|x86.ActiveCfg = Release|Win32
		{D110C0F9-F0A1-4AAE-AC95-75DABA035129}.Release|x86.Build.0 = Release|Win32
	EndGlobalSection
	GlobalSection(SolutionProperties) = preSolution
		HideSolutionNode = FALSE
	EndGlobalSection
	GlobalSection(ExtensibilityGlobals) = postSolution
		SolutionGuid = {C0E3C8FE-D874-4C05-9590-3E9355404115}
	EndGlobalSection
EndGlobal
