
Microsoft Visual Studio Solution File, Format Version 12.00
# Visual Studio 15
VisualStudioVersion = 15.0.28010.2046
MinimumVisualStudioVersion = 10.0.40219.1
Project("{8BC9CEB8-8B4A-11D0-8D11-00A0C91BC942}") = "Lecture33", "Lecture33\Lecture33.vcxproj", "{7B274CCC-52E9-4B7F-943B-1C2ED1C0EDA0}"
EndProject
Global
	GlobalSection(SolutionConfigurationPlatforms) = preSolution
		Debug|x64 = Debug|x64
		Debug|x86 = Debug|x86
		Release|x64 = Release|x64
		Release|x86 = Release|x86
	EndGlobalSection
	GlobalSection(ProjectConfigurationPlatforms) = postSolution
		{7B274CCC-52E9-4B7F-943B-1C2ED1C0EDA0}.Debug|x64.ActiveCfg = Debug|x64
		{7B274CCC-52E9-4B7F-943B-1C2ED1C0EDA0}.Debug|x64.Build.0 = Debug|x64
		{7B274CCC-52E9-4B7F-943B-1C2ED1C0EDA0}.Debug|x86.ActiveCfg = Debug|Win32
		{7B274CCC-52E9-4B7F-943B-1C2ED1C0EDA0}.Debug|x86.Build.0 = Debug|Win32
		{7B274CCC-52E9-4B7F-943B-1C2ED1C0EDA0}.Release|x64.ActiveCfg = Release|x64
		{7B274CCC-52E9-4B7F-943B-1C2ED1C0EDA0}.Release|x64.Build.0 = Release|x64
		{7B274CCC-52E9-4B7F-943B-1C2ED1C0EDA0}.Release|x86.ActiveCfg = Release|Win32
		{7B274CCC-52E9-4B7F-943B-1C2ED1C0EDA0}.Release|x86.Build.0 = Release|Win32
	EndGlobalSection
	GlobalSection(SolutionProperties) = preSolution
		HideSolutionNode = FALSE
	EndGlobalSection
	GlobalSection(ExtensibilityGlobals) = postSolution
		SolutionGuid = {DD0CFB91-E569-4AD3-AD55-D28C55A79343}
	EndGlobalSection
EndGlobal
