
Microsoft Visual Studio Solution File, Format Version 12.00
# Visual Studio 15
VisualStudioVersion = 15.0.28010.2046
MinimumVisualStudioVersion = 10.0.40219.1
Project("{8BC9CEB8-8B4A-11D0-8D11-00A0C91BC942}") = "Lecture23", "Lecture23\Lecture23.vcxproj", "{D8146F54-B49F-4096-898D-A40B5FD0E342}"
EndProject
Global
	GlobalSection(SolutionConfigurationPlatforms) = preSolution
		Debug|x64 = Debug|x64
		Debug|x86 = Debug|x86
		Release|x64 = Release|x64
		Release|x86 = Release|x86
	EndGlobalSection
	GlobalSection(ProjectConfigurationPlatforms) = postSolution
		{D8146F54-B49F-4096-898D-A40B5FD0E342}.Debug|x64.ActiveCfg = Debug|x64
		{D8146F54-B49F-4096-898D-A40B5FD0E342}.Debug|x64.Build.0 = Debug|x64
		{D8146F54-B49F-4096-898D-A40B5FD0E342}.Debug|x86.ActiveCfg = Debug|Win32
		{D8146F54-B49F-4096-898D-A40B5FD0E342}.Debug|x86.Build.0 = Debug|Win32
		{D8146F54-B49F-4096-898D-A40B5FD0E342}.Release|x64.ActiveCfg = Release|x64
		{D8146F54-B49F-4096-898D-A40B5FD0E342}.Release|x64.Build.0 = Release|x64
		{D8146F54-B49F-4096-898D-A40B5FD0E342}.Release|x86.ActiveCfg = Release|Win32
		{D8146F54-B49F-4096-898D-A40B5FD0E342}.Release|x86.Build.0 = Release|Win32
	EndGlobalSection
	GlobalSection(SolutionProperties) = preSolution
		HideSolutionNode = FALSE
	EndGlobalSection
	GlobalSection(ExtensibilityGlobals) = postSolution
		SolutionGuid = {0A1A2E6C-9E14-4999-B282-C77A4444C437}
	EndGlobalSection
EndGlobal
